
Microsoft Visual Studio Solution File, Format Version 12.00
# Visual Studio Version 16
VisualStudioVersion = 16.0.30002.166
MinimumVisualStudioVersion = 10.0.40219.1
Project("{9A19103F-16F7-4668-BE54-9A1E7A4F7556}") = "Web", "Web\Web.csproj", "{E7BEE68F-1DAE-4CE9-9830-32B3B1F49BA1}"
EndProject
Project("{9A19103F-16F7-4668-BE54-9A1E7A4F7556}") = "Web.Domain", "Web.Domain\Web.Domain.csproj", "{08A3E21F-4FC5-4B99-8E46-CFC6BF60B47F}"
EndProject
Project("{9A19103F-16F7-4668-BE54-9A1E7A4F7556}") = "Web.Core", "Web.Core\Web.Core.csproj", "{D8A3FA3B-DF03-4C20-BD37-92DC44F9B601}"
EndProject
Project("{FAE04EC0-301F-11D3-BF4B-00C04F79EFBC}") = "Web.Dapper", "Web.Dapper\Web.Dapper.csproj", "{CCC4CA20-5F7A-4261-98F3-0C445CF874C8}"
EndProject
Global
	GlobalSection(SolutionConfigurationPlatforms) = preSolution
		Debug|Any CPU = Debug|Any CPU
		Release|Any CPU = Release|Any CPU
	EndGlobalSection
	GlobalSection(ProjectConfigurationPlatforms) = postSolution
		{E7BEE68F-1DAE-4CE9-9830-32B3B1F49BA1}.Debug|Any CPU.ActiveCfg = Debug|Any CPU
		{E7BEE68F-1DAE-4CE9-9830-32B3B1F49BA1}.Debug|Any CPU.Build.0 = Debug|Any CPU
		{E7BEE68F-1DAE-4CE9-9830-32B3B1F49BA1}.Release|Any CPU.ActiveCfg = Release|Any CPU
		{E7BEE68F-1DAE-4CE9-9830-32B3B1F49BA1}.Release|Any CPU.Build.0 = Release|Any CPU
		{08A3E21F-4FC5-4B99-8E46-CFC6BF60B47F}.Debug|Any CPU.ActiveCfg = Debug|Any CPU
		{08A3E21F-4FC5-4B99-8E46-CFC6BF60B47F}.Debug|Any CPU.Build.0 = Debug|Any CPU
		{08A3E21F-4FC5-4B99-8E46-CFC6BF60B47F}.Release|Any CPU.ActiveCfg = Release|Any CPU
		{08A3E21F-4FC5-4B99-8E46-CFC6BF60B47F}.Release|Any CPU.Build.0 = Release|Any CPU
		{D8A3FA3B-DF03-4C20-BD37-92DC44F9B601}.Debug|Any CPU.ActiveCfg = Debug|Any CPU
		{D8A3FA3B-DF03-4C20-BD37-92DC44F9B601}.Debug|Any CPU.Build.0 = Debug|Any CPU
		{D8A3FA3B-DF03-4C20-BD37-92DC44F9B601}.Release|Any CPU.ActiveCfg = Release|Any CPU
		{D8A3FA3B-DF03-4C20-BD37-92DC44F9B601}.Release|Any CPU.Build.0 = Release|Any CPU
		{CCC4CA20-5F7A-4261-98F3-0C445CF874C8}.Debug|Any CPU.ActiveCfg = Debug|Any CPU
		{CCC4CA20-5F7A-4261-98F3-0C445CF874C8}.Debug|Any CPU.Build.0 = Debug|Any CPU
		{CCC4CA20-5F7A-4261-98F3-0C445CF874C8}.Release|Any CPU.ActiveCfg = Release|Any CPU
		{CCC4CA20-5F7A-4261-98F3-0C445CF874C8}.Release|Any CPU.Build.0 = Release|Any CPU
	EndGlobalSection
	GlobalSection(SolutionProperties) = preSolution
		HideSolutionNode = FALSE
	EndGlobalSection
	GlobalSection(ExtensibilityGlobals) = postSolution
		SolutionGuid = {7E59D417-0FF0-434D-940D-F466EF733924}
	EndGlobalSection
EndGlobal
